
Microsoft Visual Studio Solution File, Format Version 12.00
# Visual Studio Version 17
VisualStudioVersion = 17.2.32516.85
MinimumVisualStudioVersion = 10.0.40219.1
Project("{FAE04EC0-301F-11D3-BF4B-00C04F79EFBC}") = "AcademyOnline.WEB", "AcademyOnline.WEB\AcademyOnline.WEB.csproj", "{FA47E891-EFE2-4B1C-A5DF-1E72BBE133C0}"
EndProject
Project("{FAE04EC0-301F-11D3-BF4B-00C04F79EFBC}") = "AcademyOnline.Entities", "AcademyOnline.Entities\AcademyOnline.Entities.csproj", "{D5357147-04BE-4636-9661-771285BFEF51}"
EndProject
Project("{FAE04EC0-301F-11D3-BF4B-00C04F79EFBC}") = "AcademyOnline.DataAccess", "AcademyOnline.DataAccess\AcademyOnline.DataAccess.csproj", "{104B572D-7189-439C-A808-2EC509B1604E}"
EndProject
Project("{FAE04EC0-301F-11D3-BF4B-00C04F79EFBC}") = "AcademyOnlineWEBAPI", "AcademyOnlineWEBAPI\AcademyOnlineWEBAPI.csproj", "{CC25BC48-A052-459D-AB70-D35001D529C6}"
EndProject
Project("{FAE04EC0-301F-11D3-BF4B-00C04F79EFBC}") = "AcademyOnline.View", "AcademyOnline.View\AcademyOnline.View.csproj", "{78CA30C9-0E63-4038-9D7C-933AA755DDA5}"
EndProject
Global
	GlobalSection(SolutionConfigurationPlatforms) = preSolution
		Debug|Any CPU = Debug|Any CPU
		Release|Any CPU = Release|Any CPU
	EndGlobalSection
	GlobalSection(ProjectConfigurationPlatforms) = postSolution
		{FA47E891-EFE2-4B1C-A5DF-1E72BBE133C0}.Debug|Any CPU.ActiveCfg = Debug|Any CPU
		{FA47E891-EFE2-4B1C-A5DF-1E72BBE133C0}.Debug|Any CPU.Build.0 = Debug|Any CPU
		{FA47E891-EFE2-4B1C-A5DF-1E72BBE133C0}.Release|Any CPU.ActiveCfg = Release|Any CPU
		{FA47E891-EFE2-4B1C-A5DF-1E72BBE133C0}.Release|Any CPU.Build.0 = Release|Any CPU
		{D5357147-04BE-4636-9661-771285BFEF51}.Debug|Any CPU.ActiveCfg = Debug|Any CPU
		{D5357147-04BE-4636-9661-771285BFEF51}.Debug|Any CPU.Build.0 = Debug|Any CPU
		{D5357147-04BE-4636-9661-771285BFEF51}.Release|Any CPU.ActiveCfg = Release|Any CPU
		{D5357147-04BE-4636-9661-771285BFEF51}.Release|Any CPU.Build.0 = Release|Any CPU
		{104B572D-7189-439C-A808-2EC509B1604E}.Debug|Any CPU.ActiveCfg = Debug|Any CPU
		{104B572D-7189-439C-A808-2EC509B1604E}.Debug|Any CPU.Build.0 = Debug|Any CPU
		{104B572D-7189-439C-A808-2EC509B1604E}.Release|Any CPU.ActiveCfg = Release|Any CPU
		{104B572D-7189-439C-A808-2EC509B1604E}.Release|Any CPU.Build.0 = Release|Any CPU
		{CC25BC48-A052-459D-AB70-D35001D529C6}.Debug|Any CPU.ActiveCfg = Debug|Any CPU
		{CC25BC48-A052-459D-AB70-D35001D529C6}.Debug|Any CPU.Build.0 = Debug|Any CPU
		{CC25BC48-A052-459D-AB70-D35001D529C6}.Release|Any CPU.ActiveCfg = Release|Any CPU
		{CC25BC48-A052-459D-AB70-D35001D529C6}.Release|Any CPU.Build.0 = Release|Any CPU
		{78CA30C9-0E63-4038-9D7C-933AA755DDA5}.Debug|Any CPU.ActiveCfg = Debug|Any CPU
		{78CA30C9-0E63-4038-9D7C-933AA755DDA5}.Debug|Any CPU.Build.0 = Debug|Any CPU
		{78CA30C9-0E63-4038-9D7C-933AA755DDA5}.Release|Any CPU.ActiveCfg = Release|Any CPU
		{78CA30C9-0E63-4038-9D7C-933AA755DDA5}.Release|Any CPU.Build.0 = Release|Any CPU
	EndGlobalSection
	GlobalSection(SolutionProperties) = preSolution
		HideSolutionNode = FALSE
	EndGlobalSection
	GlobalSection(ExtensibilityGlobals) = postSolution
		SolutionGuid = {66CF42B4-40FE-421C-8069-62E833D8398E}
	EndGlobalSection
EndGlobal
